
Microsoft Visual Studio Solution File, Format Version 12.00
# Visual Studio Version 16
VisualStudioVersion = 16.0.31112.23
MinimumVisualStudioVersion = 10.0.40219.1
Project("{FAE04EC0-301F-11D3-BF4B-00C04F79EFBC}") = "SelectionStatementsExercise", "SelectionStatementsExercise.csproj", "{EC57F932-5BB5-4CAE-81CE-F2C3C6EBD408}"
EndProject
Global
	GlobalSection(SolutionConfigurationPlatforms) = preSolution
		Debug|Any CPU = Debug|Any CPU
		Release|Any CPU = Release|Any CPU
	EndGlobalSection
	GlobalSection(ProjectConfigurationPlatforms) = postSolution
		{EC57F932-5BB5-4CAE-81CE-F2C3C6EBD408}.Debug|Any CPU.ActiveCfg = Debug|Any CPU
		{EC57F932-5BB5-4CAE-81CE-F2C3C6EBD408}.Debug|Any CPU.Build.0 = Debug|Any CPU
		{EC57F932-5BB5-4CAE-81CE-F2C3C6EBD408}.Release|Any CPU.ActiveCfg = Release|Any CPU
		{EC57F932-5BB5-4CAE-81CE-F2C3C6EBD408}.Release|Any CPU.Build.0 = Release|Any CPU
	EndGlobalSection
	GlobalSection(SolutionProperties) = preSolution
		HideSolutionNode = FALSE
	EndGlobalSection
	GlobalSection(ExtensibilityGlobals) = postSolution
		SolutionGuid = {994E6D79-2E10-47EF-B30C-15F6378CE0D5}
	EndGlobalSection
EndGlobal
